
Microsoft Visual Studio Solution File, Format Version 12.00
# Visual Studio Version 18
VisualStudioVersion = 18.4.11612.150 stable
MinimumVisualStudioVersion = 10.0.40219.1
Project("{FAE04EC0-301F-11D3-BF4B-00C04F79EFBC}") = "ConsolePizza", "ConsolePizza\ConsolePizza.csproj", "{908F5940-CBEE-466B-8673-38C572DA6D24}"
EndProject
Project("{FAE04EC0-301F-11D3-BF4B-00C04F79EFBC}") = "WinFormsPizza", "WinFormsPizza\WinFormsPizza.csproj", "{B274035A-56ED-4003-ADA8-F8B5C4615F41}"
EndProject
Global
	GlobalSection(SolutionConfigurationPlatforms) = preSolution
		Debug|Any CPU = Debug|Any CPU
		Release|Any CPU = Release|Any CPU
	EndGlobalSection
	GlobalSection(ProjectConfigurationPlatforms) = postSolution
		{908F5940-CBEE-466B-8673-38C572DA6D24}.Debug|Any CPU.ActiveCfg = Debug|Any CPU
		{908F5940-CBEE-466B-8673-38C572DA6D24}.Debug|Any CPU.Build.0 = Debug|Any CPU
		{908F5940-CBEE-466B-8673-38C572DA6D24}.Release|Any CPU.ActiveCfg = Release|Any CPU
		{908F5940-CBEE-466B-8673-38C572DA6D24}.Release|Any CPU.Build.0 = Release|Any CPU
		{B274035A-56ED-4003-ADA8-F8B5C4615F41}.Debug|Any CPU.ActiveCfg = Debug|Any CPU
		{B274035A-56ED-4003-ADA8-F8B5C4615F41}.Debug|Any CPU.Build.0 = Debug|Any CPU
		{B274035A-56ED-4003-ADA8-F8B5C4615F41}.Release|Any CPU.ActiveCfg = Release|Any CPU
		{B274035A-56ED-4003-ADA8-F8B5C4615F41}.Release|Any CPU.Build.0 = Release|Any CPU
	EndGlobalSection
	GlobalSection(SolutionProperties) = preSolution
		HideSolutionNode = FALSE
	EndGlobalSection
	GlobalSection(ExtensibilityGlobals) = postSolution
		SolutionGuid = {0ED636A1-D0D5-4C4E-80FC-3313745234E9}
	EndGlobalSection
EndGlobal
